{
  "name": "botbuilder-sample-luis",
  "version": "1.0.0",
  "lockfileVersion": 1,
  "requires": true,
  "dependencies": {
    "@types/async": {
      "version": "2.4.2",
      "resolved": "https://botbuilder.myget.org/F/botbuilder-tools-daily/npm/@types/async/-/@types/async-2.4.2.tgz",
      "integrity": "sha1-mzPVyfzr/xcTlSF1Pq+ZLtWs6OQ="
    },
    "@types/body-parser": {
      "version": "1.17.0",
      "resolved": "https://botbuilder.myget.org/F/botbuilder-tools-daily/npm/@types/body-parser/-/@types/body-parser-1.17.0.tgz",
      "integrity": "sha1-n1ydm9BLtUvjLV65/A2Ml05s9Yw=",
      "requires": {
        "@types/connect": "*",
        "@types/node": "*"
      }
    },
    "@types/caseless": {
      "version": "0.12.2",
      "resolved": "https://botbuilder.myget.org/F/botbuilder-tools-daily/npm/@types/caseless/-/@types/caseless-0.12.2.tgz",
      "integrity": "sha1-9l09Y4ngHutFi9VNyPUrlalGO8g="
    },
    "@types/connect": {
      "version": "3.4.32",
      "resolved": "https://botbuilder.myget.org/F/botbuilder-tools-daily/npm/@types/connect/-/@types/connect-3.4.32.tgz",
      "integrity": "sha1-qg6WFrlDXMrQK8UrW0VP/Cxwuig=",
      "requires": {
        "@types/node": "*"
      }
    },
    "@types/express": {
      "version": "4.17.0",
      "resolved": "https://botbuilder.myget.org/F/botbuilder-tools-daily/npm/@types/express/-/@types/express-4.17.0.tgz",
      "integrity": "sha1-SertsglYKobxLtm3JRYPEtBO8oc=",
      "requires": {
        "@types/body-parser": "*",
        "@types/express-serve-static-core": "*",
        "@types/serve-static": "*"
      }
    },
    "@types/express-serve-static-core": {
      "version": "4.16.7",
      "resolved": "https://botbuilder.myget.org/F/botbuilder-tools-daily/npm/@types/express-serve-static-core/-/@types/express-serve-static-core-4.16.7.tgz",
      "integrity": "sha1-ULpvimkcCKPdn6f7ol7zEz0pgEk=",
      "requires": {
        "@types/node": "*",
        "@types/range-parser": "*"
      }
    },
    "@types/form-data": {
      "version": "2.2.1",
      "resolved": "https://botbuilder.myget.org/F/botbuilder-tools-daily/npm/@types/form-data/-/@types/form-data-2.2.1.tgz",
      "integrity": "sha1-7is7jqoRwJOCiZU2BrdFtzjFSx4=",
      "requires": {
        "@types/node": "*"
      }
    },
    "@types/jsonwebtoken": {
      "version": "7.2.8",
      "resolved": "https://botbuilder.myget.org/F/botbuilder-tools-daily/npm/@types/jsonwebtoken/-/@types/jsonwebtoken-7.2.8.tgz",
      "integrity": "sha1-jRmdq03bW7oyNPgxG4BNICevKzo=",
      "requires": {
        "@types/node": "*"
      }
    },
    "@types/mime": {
      "version": "2.0.1",
      "resolved": "https://botbuilder.myget.org/F/botbuilder-tools-daily/npm/@types/mime/-/@types/mime-2.0.1.tgz",
      "integrity": "sha1-3EiIQjEqfwdRSTEpBbXjwLBUx50="
    },
    "@types/node": {
      "version": "9.6.49",
      "resolved": "https://botbuilder.myget.org/F/botbuilder-tools-daily/npm/@types/node/-/@types/node-9.6.49.tgz",
      "integrity": "sha1-q0325QXbCIiCyM5UF64LyMu3qKY="
    },
    "@types/range-parser": {
      "version": "1.2.3",
      "resolved": "https://botbuilder.myget.org/F/botbuilder-tools-daily/npm/@types/range-parser/-/@types/range-parser-1.2.3.tgz",
      "integrity": "sha1-fuMwunyq+5gJC+zoal7kQRWQTCw="
    },
    "@types/request": {
      "version": "2.48.1",
      "resolved": "https://botbuilder.myget.org/F/botbuilder-tools-daily/npm/@types/request/-/@types/request-2.48.1.tgz",
      "integrity": "sha1-5ALWkapmcPu/8ZV7FfEnAjCrQvo=",
      "requires": {
        "@types/caseless": "*",
        "@types/form-data": "*",
        "@types/node": "*",
        "@types/tough-cookie": "*"
      }
    },
    "@types/serve-static": {
      "version": "1.13.2",
      "resolved": "https://botbuilder.myget.org/F/botbuilder-tools-daily/npm/@types/serve-static/-/@types/serve-static-1.13.2.tgz",
      "integrity": "sha1-9axNemQgqZpqRa9HGfTc2M2Qekg=",
      "requires": {
        "@types/express-serve-static-core": "*",
        "@types/mime": "*"
      }
    },
    "@types/sprintf-js": {
      "version": "1.1.2",
      "resolved": "https://botbuilder.myget.org/F/botbuilder-tools-daily/npm/@types/sprintf-js/-/@types/sprintf-js-1.1.2.tgz",
      "integrity": "sha1-pPy4THNE859w3E7sDh5/EKSFl6M="
    },
    "@types/tough-cookie": {
      "version": "2.3.5",
      "resolved": "https://botbuilder.myget.org/F/botbuilder-tools-daily/npm/@types/tough-cookie/-/@types/tough-cookie-2.3.5.tgz",
      "integrity": "sha1-naRO11VxmZtlw3tgybK4jbVMWF0="
    },
    "@types/url-join": {
      "version": "0.8.3",
      "resolved": "https://botbuilder.myget.org/F/botbuilder-tools-daily/npm/@types/url-join/-/@types/url-join-0.8.3.tgz",
      "integrity": "sha1-E19AoBFA7TO1IoNume0g38EFYTc="
    },
    "ajv": {
      "version": "6.10.0",
      "resolved": "https://botbuilder.myget.org/F/botbuilder-tools-daily/npm/ajv/-/ajv-6.10.0.tgz",
      "integrity": "sha1-kNDVRDnaWHzX6EO/twRfUL0ivfE=",
      "requires": {
        "fast-deep-equal": "^2.0.1",
        "fast-json-stable-stringify": "^2.0.0",
        "json-schema-traverse": "^0.4.1",
        "uri-js": "^4.2.2"
      }
    },
    "asap": {
      "version": "2.0.6",
      "resolved": "https://botbuilder.myget.org/F/botbuilder-tools-daily/npm/asap/-/asap-2.0.6.tgz",
      "integrity": "sha1-5QNHYR1+aQlDIIu9r+vLwvuGbUY="
    },
    "asn1": {
      "version": "0.2.4",
      "resolved": "https://botbuilder.myget.org/F/botbuilder-tools-daily/npm/asn1/-/asn1-0.2.4.tgz",
      "integrity": "sha1-jSR136tVO7M+d7VOWeiAu4ziMTY=",
      "requires": {
        "safer-buffer": "~2.1.0"
      }
    },
    "assert-plus": {
      "version": "1.0.0",
      "resolved": "https://botbuilder.myget.org/F/botbuilder-tools-daily/npm/assert-plus/-/assert-plus-1.0.0.tgz",
      "integrity": "sha1-8S4PPF13sLHN2RRpQuTpbB5N1SU="
    },
    "async": {
      "version": "1.5.2",
      "resolved": "https://botbuilder.myget.org/F/botbuilder-tools-daily/npm/async/-/async-1.5.2.tgz",
      "integrity": "sha1-7GphrlZIDAw8skHJVhjiCJL5Zyo="
    },
    "asynckit": {
      "version": "0.4.0",
      "resolved": "https://botbuilder.myget.org/F/botbuilder-tools-daily/npm/asynckit/-/asynckit-0.4.0.tgz",
      "integrity": "sha1-x57Zf380y48robyXkLzDZkdLS3k="
    },
    "aws-sign2": {
      "version": "0.7.0",
      "resolved": "https://botbuilder.myget.org/F/botbuilder-tools-daily/npm/aws-sign2/-/aws-sign2-0.7.0.tgz",
      "integrity": "sha1-tG6JCTSpWR8tL2+G1+ap8bP+dqg="
    },
    "aws4": {
      "version": "1.8.0",
      "resolved": "https://botbuilder.myget.org/F/botbuilder-tools-daily/npm/aws4/-/aws4-1.8.0.tgz",
      "integrity": "sha1-8OAD2cqef1nHpQiUXXsu+aBKVC8="
    },
    "backoff": {
      "version": "2.5.0",
      "resolved": "https://botbuilder.myget.org/F/botbuilder-tools-daily/npm/backoff/-/backoff-2.5.0.tgz",
      "integrity": "sha1-9hbtqdPktmuMp/ynn2lXIsX44m8=",
      "requires": {
        "precond": "0.2"
      }
    },
    "balanced-match": {
      "version": "1.0.0",
      "resolved": "https://botbuilder.myget.org/F/botbuilder-tools-daily/npm/balanced-match/-/balanced-match-1.0.0.tgz",
      "integrity": "sha1-ibTRmasr7kneFk6gK4nORi1xt2c=",
      "optional": true
    },
    "base64url": {
      "version": "3.0.1",
      "resolved": "https://botbuilder.myget.org/F/botbuilder-tools-daily/npm/base64url/-/base64url-3.0.1.tgz",
      "integrity": "sha1-Y5nVcuK8P5CpqLItXbsKMtM/eI0="
    },
    "bcrypt-pbkdf": {
      "version": "1.0.2",
      "resolved": "https://botbuilder.myget.org/F/botbuilder-tools-daily/npm/bcrypt-pbkdf/-/bcrypt-pbkdf-1.0.2.tgz",
      "integrity": "sha1-pDAdOJtqQ/m2f/PKEaP2Y342Dp4=",
      "requires": {
        "tweetnacl": "^0.14.3"
      }
    },
    "botbuilder": {
      "version": "3.16.0",
      "resolved": "https://botbuilder.myget.org/F/botbuilder-tools-daily/npm/botbuilder/-/botbuilder-3.16.0.tgz",
      "integrity": "sha1-cA6jkYksYm+h+SJojSx0KwaE9QM=",
      "requires": {
        "@types/async": "^2.0.48",
        "@types/express": "^4.11.1",
        "@types/form-data": "^2.2.1",
        "@types/jsonwebtoken": "^7.2.6",
        "@types/node": "^9.6.1",
        "@types/request": "^2.47.0",
        "@types/sprintf-js": "^1.1.0",
        "@types/url-join": "^0.8.1",
        "async": "^1.5.2",
        "base64url": "^3.0.0",
        "chrono-node": "^1.1.3",
        "jsonwebtoken": "^8.2.2",
        "promise": "^7.1.1",
        "request": "^2.88.0",
        "rsa-pem-from-mod-exp": "^0.8.4",
        "sprintf-js": "^1.0.3",
        "url-join": "^1.1.0"
      }
    },
    "brace-expansion": {
      "version": "1.1.11",
      "resolved": "https://botbuilder.myget.org/F/botbuilder-tools-daily/npm/brace-expansion/-/brace-expansion-1.1.11.tgz",
      "integrity": "sha1-PH/L9SnYcibz0vUrlm/1Jx60Qd0=",
      "optional": true,
      "requires": {
        "balanced-match": "^1.0.0",
        "concat-map": "0.0.1"
      }
    },
    "buffer-equal-constant-time": {
      "version": "1.0.1",
      "resolved": "https://botbuilder.myget.org/F/botbuilder-tools-daily/npm/buffer-equal-constant-time/-/buffer-equal-constant-time-1.0.1.tgz",
      "integrity": "sha1-+OcRMvf/5uAaXJaXpMbz5I1cyBk="
    },
    "bunyan": {
      "version": "1.8.12",
      "resolved": "https://botbuilder.myget.org/F/botbuilder-tools-daily/npm/bunyan/-/bunyan-1.8.12.tgz",
      "integrity": "sha1-8VDw9nSKvdcq6uhPBEA74u8RN5c=",
      "requires": {
        "dtrace-provider": "~0.8",
        "moment": "^2.10.6",
        "mv": "~2",
        "safe-json-stringify": "~1"
      }
    },
    "caseless": {
      "version": "0.12.0",
      "resolved": "https://botbuilder.myget.org/F/botbuilder-tools-daily/npm/caseless/-/caseless-0.12.0.tgz",
      "integrity": "sha1-G2gcIf+EAzyCZUMJBolCDRhxUdw="
    },
    "chrono-node": {
      "version": "1.3.11",
      "resolved": "https://botbuilder.myget.org/F/botbuilder-tools-daily/npm/chrono-node/-/chrono-node-1.3.11.tgz",
      "integrity": "sha1-uGomt+MVftzE/jN04bb5DK7cjjk=",
      "requires": {
        "moment": "2.21.0"
      }
    },
    "combined-stream": {
      "version": "1.0.8",
      "resolved": "https://botbuilder.myget.org/F/botbuilder-tools-daily/npm/combined-stream/-/combined-stream-1.0.8.tgz",
      "integrity": "sha1-w9RaizT9cwYxoRCoolIGgrMdWn8=",
      "requires": {
        "delayed-stream": "~1.0.0"
      }
    },
    "concat-map": {
      "version": "0.0.1",
      "resolved": "https://botbuilder.myget.org/F/botbuilder-tools-daily/npm/concat-map/-/concat-map-0.0.1.tgz",
      "integrity": "sha1-2Klr13/Wjfd5OnMDajug1UBdR3s=",
      "optional": true
    },
    "core-util-is": {
      "version": "1.0.2",
      "resolved": "https://botbuilder.myget.org/F/botbuilder-tools-daily/npm/core-util-is/-/core-util-is-1.0.2.tgz",
      "integrity": "sha1-tf1UIgqivFq1eqtxQMlAdUUDwac="
    },
    "csv": {
      "version": "0.4.6",
      "resolved": "https://botbuilder.myget.org/F/botbuilder-tools-daily/npm/csv/-/csv-0.4.6.tgz",
      "integrity": "sha1-jbrn3f26rmLB6ph8Pg+Kmsc3tz0=",
      "requires": {
        "csv-generate": "^0.0.6",
        "csv-parse": "^1.0.0",
        "csv-stringify": "^0.0.8",
        "stream-transform": "^0.1.0"
      }
    },
    "csv-generate": {
      "version": "0.0.6",
      "resolved": "https://botbuilder.myget.org/F/botbuilder-tools-daily/npm/csv-generate/-/csv-generate-0.0.6.tgz",
      "integrity": "sha1-l+TmOuRrIZEs2UdbwxRp0m9a3mY="
    },
    "csv-parse": {
      "version": "1.3.3",
      "resolved": "https://botbuilder.myget.org/F/botbuilder-tools-daily/npm/csv-parse/-/csv-parse-1.3.3.tgz",
      "integrity": "sha1-0c/YdDwvhJoKuy/VRNtWaV0ZpJA="
    },
    "csv-stringify": {
      "version": "0.0.8",
      "resolved": "https://botbuilder.myget.org/F/botbuilder-tools-daily/npm/csv-stringify/-/csv-stringify-0.0.8.tgz",
      "integrity": "sha1-Usw7PfwZd1jFWtMlqVvoUHH55Rs="
    },
    "ctype": {
      "version": "0.5.3",
      "resolved": "https://botbuilder.myget.org/F/botbuilder-tools-daily/npm/ctype/-/ctype-0.5.3.tgz",
      "integrity": "sha1-gsGMJGH3QRTvFsE1IkrQuRRMoS8="
    },
    "dashdash": {
      "version": "1.14.1",
      "resolved": "https://botbuilder.myget.org/F/botbuilder-tools-daily/npm/dashdash/-/dashdash-1.14.1.tgz",
      "integrity": "sha1-hTz6D3y+L+1d4gMmuN1YEDX24vA=",
      "requires": {
        "assert-plus": "^1.0.0"
      }
    },
    "debug": {
      "version": "2.6.9",
      "resolved": "https://botbuilder.myget.org/F/botbuilder-tools-daily/npm/debug/-/debug-2.6.9.tgz",
      "integrity": "sha1-XRKFFd8TT/Mn6QpMk/Tgd6U2NB8=",
      "requires": {
        "ms": "2.0.0"
      },
      "dependencies": {
        "ms": {
          "version": "2.0.0",
          "resolved": "https://botbuilder.myget.org/F/botbuilder-tools-daily/npm/ms/-/ms-2.0.0.tgz",
          "integrity": "sha1-VgiurfwAvmwpAd9fmGF4jeDVl8g="
        }
      }
    },
    "delayed-stream": {
      "version": "1.0.0",
      "resolved": "https://botbuilder.myget.org/F/botbuilder-tools-daily/npm/delayed-stream/-/delayed-stream-1.0.0.tgz",
      "integrity": "sha1-3zrhmayt+31ECqrgsp4icrJOxhk="
    },
    "detect-node": {
      "version": "2.0.4",
      "resolved": "https://botbuilder.myget.org/F/botbuilder-tools-daily/npm/detect-node/-/detect-node-2.0.4.tgz",
      "integrity": "sha1-AU7o+PZpxcWAI9pkuBecCDooxGw="
    },
    "dotenv": {
      "version": "2.0.0",
      "resolved": "https://botbuilder.myget.org/F/botbuilder-tools-daily/npm/dotenv/-/dotenv-2.0.0.tgz",
      "integrity": "sha1-vXWcNXqqcDZeAclrewvsCKbg2Uk="
    },
    "dotenv-extended": {
      "version": "1.0.4",
      "resolved": "https://botbuilder.myget.org/F/botbuilder-tools-daily/npm/dotenv-extended/-/dotenv-extended-1.0.4.tgz",
      "integrity": "sha1-VvKL26rbcoVsYLEui3y/bIR/zcQ=",
      "requires": {
        "dotenv": "^2.0.0",
        "lodash": "^4.3.0"
      }
    },
    "dtrace-provider": {
      "version": "0.8.7",
      "resolved": "https://botbuilder.myget.org/F/botbuilder-tools-daily/npm/dtrace-provider/-/dtrace-provider-0.8.7.tgz",
      "integrity": "sha1-3JObTT4GIM/gwc2APQ0tftBP/QQ=",
      "optional": true,
      "requires": {
        "nan": "^2.10.0"
      }
    },
    "ecc-jsbn": {
      "version": "0.1.2",
      "resolved": "https://botbuilder.myget.org/F/botbuilder-tools-daily/npm/ecc-jsbn/-/ecc-jsbn-0.1.2.tgz",
      "integrity": "sha1-OoOpBOVDUyh4dMVkt1SThoSamMk=",
      "requires": {
        "jsbn": "~0.1.0",
        "safer-buffer": "^2.1.0"
      }
    },
    "ecdsa-sig-formatter": {
      "version": "1.0.11",
      "resolved": "https://botbuilder.myget.org/F/botbuilder-tools-daily/npm/ecdsa-sig-formatter/-/ecdsa-sig-formatter-1.0.11.tgz",
      "integrity": "sha1-rg8PothQRe8UqBfao86azQSJ5b8=",
      "requires": {
        "safe-buffer": "^5.0.1"
      }
    },
    "escape-regexp-component": {
      "version": "1.0.2",
      "resolved": "https://botbuilder.myget.org/F/botbuilder-tools-daily/npm/escape-regexp-component/-/escape-regexp-component-1.0.2.tgz",
      "integrity": "sha1-nGO20LJf8qiMOtvRjFthrMO5+qI="
    },
    "extend": {
      "version": "3.0.2",
      "resolved": "https://botbuilder.myget.org/F/botbuilder-tools-daily/npm/extend/-/extend-3.0.2.tgz",
      "integrity": "sha1-+LETa0Bx+9jrFAr/hYsQGewpFfo="
    },
    "extsprintf": {
      "version": "1.3.0",
      "resolved": "https://botbuilder.myget.org/F/botbuilder-tools-daily/npm/extsprintf/-/extsprintf-1.3.0.tgz",
      "integrity": "sha1-lpGEQOMEGnpBT4xS48V06zw+HgU="
    },
    "fast-deep-equal": {
      "version": "2.0.1",
      "resolved": "https://botbuilder.myget.org/F/botbuilder-tools-daily/npm/fast-deep-equal/-/fast-deep-equal-2.0.1.tgz",
      "integrity": "sha1-ewUhjd+WZ79/Nwv3/bLLFf3Qqkk="
    },
    "fast-json-stable-stringify": {
      "version": "2.0.0",
      "resolved": "https://botbuilder.myget.org/F/botbuilder-tools-daily/npm/fast-json-stable-stringify/-/fast-json-stable-stringify-2.0.0.tgz",
      "integrity": "sha1-1RQsDK7msRifh9OnYREGT4bIu/I="
    },
    "forever-agent": {
      "version": "0.6.1",
      "resolved": "https://botbuilder.myget.org/F/botbuilder-tools-daily/npm/forever-agent/-/forever-agent-0.6.1.tgz",
      "integrity": "sha1-+8cfDEGt6zf5bFd60e1C2P2sypE="
    },
    "form-data": {
      "version": "2.3.3",
      "resolved": "https://botbuilder.myget.org/F/botbuilder-tools-daily/npm/form-data/-/form-data-2.3.3.tgz",
      "integrity": "sha1-3M5SwF9kTymManq5Nr1yTO/786Y=",
      "requires": {
        "asynckit": "^0.4.0",
        "combined-stream": "^1.0.6",
        "mime-types": "^2.1.12"
      }
    },
    "formidable": {
      "version": "1.2.1",
      "resolved": "https://botbuilder.myget.org/F/botbuilder-tools-daily/npm/formidable/-/formidable-1.2.1.tgz",
      "integrity": "sha1-cPt8oCkO5v+WEJBBX0s989IIJlk="
    },
    "getpass": {
      "version": "0.1.7",
      "resolved": "https://botbuilder.myget.org/F/botbuilder-tools-daily/npm/getpass/-/getpass-0.1.7.tgz",
      "integrity": "sha1-Xv+OPmhNVprkyysSgmBOi6YhSfo=",
      "requires": {
        "assert-plus": "^1.0.0"
      }
    },
    "glob": {
      "version": "6.0.4",
      "resolved": "https://botbuilder.myget.org/F/botbuilder-tools-daily/npm/glob/-/glob-6.0.4.tgz",
      "integrity": "sha1-DwiGD2oVUSey+t1PnOJLGqtuTSI=",
      "optional": true,
      "requires": {
        "inflight": "^1.0.4",
        "inherits": "2",
        "minimatch": "2 || 3",
        "once": "^1.3.0",
        "path-is-absolute": "^1.0.0"
      }
    },
    "handle-thing": {
      "version": "1.2.5",
      "resolved": "https://botbuilder.myget.org/F/botbuilder-tools-daily/npm/handle-thing/-/handle-thing-1.2.5.tgz",
      "integrity": "sha1-/Xqtcmvxpf0W38KbL3pmAdJxOcQ="
    },
    "har-schema": {
      "version": "2.0.0",
      "resolved": "https://botbuilder.myget.org/F/botbuilder-tools-daily/npm/har-schema/-/har-schema-2.0.0.tgz",
      "integrity": "sha1-qUwiJOvKwEeCoNkDVSHyRzW37JI="
    },
    "har-validator": {
      "version": "5.1.3",
      "resolved": "https://botbuilder.myget.org/F/botbuilder-tools-daily/npm/har-validator/-/har-validator-5.1.3.tgz",
      "integrity": "sha1-HvievT5JllV2de7ZiTEQ3DUPoIA=",
      "requires": {
        "ajv": "^6.5.5",
        "har-schema": "^2.0.0"
      }
    },
    "hpack.js": {
      "version": "2.1.6",
      "resolved": "https://botbuilder.myget.org/F/botbuilder-tools-daily/npm/hpack.js/-/hpack.js-2.1.6.tgz",
      "integrity": "sha1-h3dMCUnlE/QuhFdbPEVoH63ioLI=",
      "requires": {
        "inherits": "^2.0.1",
        "obuf": "^1.0.0",
        "readable-stream": "^2.0.1",
        "wbuf": "^1.1.0"
      }
    },
    "http-deceiver": {
      "version": "1.2.7",
      "resolved": "https://botbuilder.myget.org/F/botbuilder-tools-daily/npm/http-deceiver/-/http-deceiver-1.2.7.tgz",
      "integrity": "sha1-+nFolEq5pRnTN8sL7HKE3D5yPYc="
    },
    "http-signature": {
      "version": "1.2.0",
      "resolved": "https://botbuilder.myget.org/F/botbuilder-tools-daily/npm/http-signature/-/http-signature-1.2.0.tgz",
      "integrity": "sha1-muzZJRFHcvPZW2WmCruPfBj7rOE=",
      "requires": {
        "assert-plus": "^1.0.0",
        "jsprim": "^1.2.2",
        "sshpk": "^1.7.0"
      }
    },
    "inflight": {
      "version": "1.0.6",
      "resolved": "https://botbuilder.myget.org/F/botbuilder-tools-daily/npm/inflight/-/inflight-1.0.6.tgz",
      "integrity": "sha1-Sb1jMdfQLQwJvJEKEHW6gWW1bfk=",
      "optional": true,
      "requires": {
        "once": "^1.3.0",
        "wrappy": "1"
      }
    },
    "inherits": {
      "version": "2.0.4",
      "resolved": "https://botbuilder.myget.org/F/botbuilder-tools-daily/npm/inherits/-/inherits-2.0.4.tgz",
      "integrity": "sha1-D6LGT5MpF8NDOg3tVTY6rjdBa3w="
    },
    "is-typedarray": {
      "version": "1.0.0",
      "resolved": "https://botbuilder.myget.org/F/botbuilder-tools-daily/npm/is-typedarray/-/is-typedarray-1.0.0.tgz",
      "integrity": "sha1-5HnICFjfDBsR3dppQPlgEfzaSpo="
    },
    "isarray": {
      "version": "1.0.0",
      "resolved": "https://botbuilder.myget.org/F/botbuilder-tools-daily/npm/isarray/-/isarray-1.0.0.tgz",
      "integrity": "sha1-u5NdSFgsuhaMBoNJV6VKPgcSTxE="
    },
    "isstream": {
      "version": "0.1.2",
      "resolved": "https://botbuilder.myget.org/F/botbuilder-tools-daily/npm/isstream/-/isstream-0.1.2.tgz",
      "integrity": "sha1-R+Y/evVa+m+S4VAOaQ64uFKcCZo="
    },
    "jsbn": {
      "version": "0.1.1",
      "resolved": "https://botbuilder.myget.org/F/botbuilder-tools-daily/npm/jsbn/-/jsbn-0.1.1.tgz",
      "integrity": "sha1-peZUwuWi3rXyAdls77yoDA7y9RM="
    },
    "json-schema": {
      "version": "0.2.3",
      "resolved": "https://botbuilder.myget.org/F/botbuilder-tools-daily/npm/json-schema/-/json-schema-0.2.3.tgz",
      "integrity": "sha1-tIDIkuWaLwWVTOcnvT8qTogvnhM="
    },
    "json-schema-traverse": {
      "version": "0.4.1",
      "resolved": "https://botbuilder.myget.org/F/botbuilder-tools-daily/npm/json-schema-traverse/-/json-schema-traverse-0.4.1.tgz",
      "integrity": "sha1-afaofZUTq4u4/mO9sJecRI5oRmA="
    },
    "json-stringify-safe": {
      "version": "5.0.1",
      "resolved": "https://botbuilder.myget.org/F/botbuilder-tools-daily/npm/json-stringify-safe/-/json-stringify-safe-5.0.1.tgz",
      "integrity": "sha1-Epai1Y/UXxmg9s4B1lcB4sc1tus="
    },
    "jsonwebtoken": {
      "version": "8.5.1",
      "resolved": "https://botbuilder.myget.org/F/botbuilder-tools-daily/npm/jsonwebtoken/-/jsonwebtoken-8.5.1.tgz",
      "integrity": "sha1-AOceC431TCEhofJhN98igGc7zA0=",
      "requires": {
        "jws": "^3.2.2",
        "lodash.includes": "^4.3.0",
        "lodash.isboolean": "^3.0.3",
        "lodash.isinteger": "^4.0.4",
        "lodash.isnumber": "^3.0.3",
        "lodash.isplainobject": "^4.0.6",
        "lodash.isstring": "^4.0.1",
        "lodash.once": "^4.0.0",
        "ms": "^2.1.1",
        "semver": "^5.6.0"
      }
    },
    "jsprim": {
      "version": "1.4.1",
      "resolved": "https://botbuilder.myget.org/F/botbuilder-tools-daily/npm/jsprim/-/jsprim-1.4.1.tgz",
      "integrity": "sha1-MT5mvB5cwG5Di8G3SZwuXFastqI=",
      "requires": {
        "assert-plus": "1.0.0",
        "extsprintf": "1.3.0",
        "json-schema": "0.2.3",
        "verror": "1.10.0"
      }
    },
    "jwa": {
      "version": "1.4.1",
      "resolved": "https://botbuilder.myget.org/F/botbuilder-tools-daily/npm/jwa/-/jwa-1.4.1.tgz",
      "integrity": "sha1-dDwymFy56YZVUw1TZBtmyGRbA5o=",
      "requires": {
        "buffer-equal-constant-time": "1.0.1",
        "ecdsa-sig-formatter": "1.0.11",
        "safe-buffer": "^5.0.1"
      }
    },
    "jws": {
      "version": "3.2.2",
      "resolved": "https://botbuilder.myget.org/F/botbuilder-tools-daily/npm/jws/-/jws-3.2.2.tgz",
      "integrity": "sha1-ABCZ82OUaMlBQADpmZX6UvtHgwQ=",
      "requires": {
        "jwa": "^1.4.1",
        "safe-buffer": "^5.0.1"
      }
    },
    "keep-alive-agent": {
      "version": "0.0.1",
      "resolved": "https://botbuilder.myget.org/F/botbuilder-tools-daily/npm/keep-alive-agent/-/keep-alive-agent-0.0.1.tgz",
      "integrity": "sha1-RIR8o5TOjWtSGuhYFr1kUJlCs4U="
    },
    "lodash": {
      "version": "4.17.11",
      "resolved": "https://botbuilder.myget.org/F/botbuilder-tools-daily/npm/lodash/-/lodash-4.17.11.tgz",
      "integrity": "sha1-s56mIp72B+zYniyN8SU2iRysm40="
    },
    "lodash.includes": {
      "version": "4.3.0",
      "resolved": "https://botbuilder.myget.org/F/botbuilder-tools-daily/npm/lodash.includes/-/lodash.includes-4.3.0.tgz",
      "integrity": "sha1-YLuYqHy5I8aMoeUTJUgzFISfVT8="
    },
    "lodash.isboolean": {
      "version": "3.0.3",
      "resolved": "https://botbuilder.myget.org/F/botbuilder-tools-daily/npm/lodash.isboolean/-/lodash.isboolean-3.0.3.tgz",
      "integrity": "sha1-bC4XHbKiV82WgC/UOwGyDV9YcPY="
    },
    "lodash.isinteger": {
      "version": "4.0.4",
      "resolved": "https://botbuilder.myget.org/F/botbuilder-tools-daily/npm/lodash.isinteger/-/lodash.isinteger-4.0.4.tgz",
      "integrity": "sha1-YZwK89A/iwTDH1iChAt3sRzWg0M="
    },
    "lodash.isnumber": {
      "version": "3.0.3",
      "resolved": "https://botbuilder.myget.org/F/botbuilder-tools-daily/npm/lodash.isnumber/-/lodash.isnumber-3.0.3.tgz",
      "integrity": "sha1-POdoEMWSjQM1IwGsKHMX8RwLH/w="
    },
    "lodash.isplainobject": {
      "version": "4.0.6",
      "resolved": "https://botbuilder.myget.org/F/botbuilder-tools-daily/npm/lodash.isplainobject/-/lodash.isplainobject-4.0.6.tgz",
      "integrity": "sha1-fFJqUtibRcRcxpC4gWO+BJf1UMs="
    },
    "lodash.isstring": {
      "version": "4.0.1",
      "resolved": "https://botbuilder.myget.org/F/botbuilder-tools-daily/npm/lodash.isstring/-/lodash.isstring-4.0.1.tgz",
      "integrity": "sha1-1SfftUVuynzJu5XV2ur4i6VKVFE="
    },
    "lodash.once": {
      "version": "4.1.1",
      "resolved": "https://botbuilder.myget.org/F/botbuilder-tools-daily/npm/lodash.once/-/lodash.once-4.1.1.tgz",
      "integrity": "sha1-DdOXEhPHxW34gJd9UEyI+0cal6w="
    },
    "lru-cache": {
      "version": "4.1.5",
      "resolved": "https://botbuilder.myget.org/F/botbuilder-tools-daily/npm/lru-cache/-/lru-cache-4.1.5.tgz",
      "integrity": "sha1-i75Q6oW+1ZvJ4z3KuCNe6bz0Q80=",
      "requires": {
        "pseudomap": "^1.0.2",
        "yallist": "^2.1.2"
      }
    },
    "mime": {
      "version": "1.6.0",
      "resolved": "https://botbuilder.myget.org/F/botbuilder-tools-daily/npm/mime/-/mime-1.6.0.tgz",
      "integrity": "sha1-Ms2eXGRVO9WNGaVor0Uqz/BJgbE="
    },
    "mime-db": {
      "version": "1.40.0",
      "resolved": "https://botbuilder.myget.org/F/botbuilder-tools-daily/npm/mime-db/-/mime-db-1.40.0.tgz",
      "integrity": "sha1-plBX6ZjbCQ9zKmj2wnbTh9QSbDI="
    },
    "mime-types": {
      "version": "2.1.24",
      "resolved": "https://botbuilder.myget.org/F/botbuilder-tools-daily/npm/mime-types/-/mime-types-2.1.24.tgz",
      "integrity": "sha1-tvjQs+lR77d97eyhlM/20W9nb4E=",
      "requires": {
        "mime-db": "1.40.0"
      }
    },
    "minimalistic-assert": {
      "version": "1.0.1",
      "resolved": "https://botbuilder.myget.org/F/botbuilder-tools-daily/npm/minimalistic-assert/-/minimalistic-assert-1.0.1.tgz",
      "integrity": "sha1-LhlN4ERibUoQ5/f7wAznPoPk1cc="
    },
    "minimatch": {
      "version": "3.0.4",
      "resolved": "https://botbuilder.myget.org/F/botbuilder-tools-daily/npm/minimatch/-/minimatch-3.0.4.tgz",
      "integrity": "sha1-UWbihkV/AzBgZL5Ul+jbsMPTIIM=",
      "optional": true,
      "requires": {
        "brace-expansion": "^1.1.7"
      }
    },
    "minimist": {
      "version": "0.0.8",
      "resolved": "https://botbuilder.myget.org/F/botbuilder-tools-daily/npm/minimist/-/minimist-0.0.8.tgz",
      "integrity": "sha1-hX/Kv8M5fSYluCKCYuhqp6ARsF0=",
      "optional": true
    },
    "mkdirp": {
      "version": "0.5.1",
      "resolved": "https://botbuilder.myget.org/F/botbuilder-tools-daily/npm/mkdirp/-/mkdirp-0.5.1.tgz",
      "integrity": "sha1-MAV0OOrGz3+MR2fzhkjWaX11yQM=",
      "optional": true,
      "requires": {
        "minimist": "0.0.8"
      }
    },
    "moment": {
      "version": "2.21.0",
      "resolved": "https://botbuilder.myget.org/F/botbuilder-tools-daily/npm/moment/-/moment-2.21.0.tgz",
      "integrity": "sha1-KhFLUdKm7J5tg8+AP4OKh42KAjo="
    },
    "ms": {
      "version": "2.1.2",
      "resolved": "https://botbuilder.myget.org/F/botbuilder-tools-daily/npm/ms/-/ms-2.1.2.tgz",
      "integrity": "sha1-0J0fNXtEP0kzgqjrPM0YOHKuYAk="
    },
    "mv": {
      "version": "2.1.1",
      "resolved": "https://botbuilder.myget.org/F/botbuilder-tools-daily/npm/mv/-/mv-2.1.1.tgz",
      "integrity": "sha1-rmzg1vbV4KT32JN5jQPB6pVZtqI=",
      "optional": true,
      "requires": {
        "mkdirp": "~0.5.1",
        "ncp": "~2.0.0",
        "rimraf": "~2.4.0"
      }
    },
    "nan": {
      "version": "2.14.0",
      "resolved": "https://botbuilder.myget.org/F/botbuilder-tools-daily/npm/nan/-/nan-2.14.0.tgz",
      "integrity": "sha1-eBj3IgJ7JFmobwKV1DTR/CM2xSw=",
      "optional": true
    },
    "ncp": {
      "version": "2.0.0",
      "resolved": "https://botbuilder.myget.org/F/botbuilder-tools-daily/npm/ncp/-/ncp-2.0.0.tgz",
      "integrity": "sha1-GVoh1sRuNh0vsSgbo4uR6d9727M=",
      "optional": true
    },
    "negotiator": {
      "version": "0.6.2",
      "resolved": "https://botbuilder.myget.org/F/botbuilder-tools-daily/npm/negotiator/-/negotiator-0.6.2.tgz",
      "integrity": "sha1-/qz3zPUlp3rpY0Q2pkiD/+yjRvs="
    },
    "oauth-sign": {
      "version": "0.9.0",
      "resolved": "https://botbuilder.myget.org/F/botbuilder-tools-daily/npm/oauth-sign/-/oauth-sign-0.9.0.tgz",
      "integrity": "sha1-R6ewFrqmi1+g7PPe4IqFxnmsZFU="
    },
    "obuf": {
      "version": "1.1.2",
      "resolved": "https://botbuilder.myget.org/F/botbuilder-tools-daily/npm/obuf/-/obuf-1.1.2.tgz",
      "integrity": "sha1-Cb6jND1BhZ69RGKS0RydTbYZCE4="
    },
    "once": {
      "version": "1.4.0",
      "resolved": "https://botbuilder.myget.org/F/botbuilder-tools-daily/npm/once/-/once-1.4.0.tgz",
      "integrity": "sha1-WDsap3WWHUsROsF9nFC6753Xa9E=",
      "requires": {
        "wrappy": "1"
      }
    },
    "path-is-absolute": {
      "version": "1.0.1",
      "resolved": "https://botbuilder.myget.org/F/botbuilder-tools-daily/npm/path-is-absolute/-/path-is-absolute-1.0.1.tgz",
      "integrity": "sha1-F0uSaHNVNP+8es5r9TpanhtcX18=",
      "optional": true
    },
    "performance-now": {
      "version": "2.1.0",
      "resolved": "https://botbuilder.myget.org/F/botbuilder-tools-daily/npm/performance-now/-/performance-now-2.1.0.tgz",
      "integrity": "sha1-Ywn04OX6kT7BxpMHrjZLSzd8nns="
    },
    "precond": {
      "version": "0.2.3",
      "resolved": "https://botbuilder.myget.org/F/botbuilder-tools-daily/npm/precond/-/precond-0.2.3.tgz",
      "integrity": "sha1-qpWRvKokkj8eD0hJ0kD0fvwQdaw="
    },
    "process-nextick-args": {
      "version": "2.0.1",
      "resolved": "https://botbuilder.myget.org/F/botbuilder-tools-daily/npm/process-nextick-args/-/process-nextick-args-2.0.1.tgz",
      "integrity": "sha1-eCDZsWEgzFXKmud5JoCufbptf+I="
    },
    "promise": {
      "version": "7.3.1",
      "resolved": "https://botbuilder.myget.org/F/botbuilder-tools-daily/npm/promise/-/promise-7.3.1.tgz",
      "integrity": "sha1-BktyYCsY+Q8pGSuLG8QY/9Hr078=",
      "requires": {
        "asap": "~2.0.3"
      }
    },
    "pseudomap": {
      "version": "1.0.2",
      "resolved": "https://botbuilder.myget.org/F/botbuilder-tools-daily/npm/pseudomap/-/pseudomap-1.0.2.tgz",
      "integrity": "sha1-8FKijacOYYkX7wqKw0wa5aaChrM="
    },
    "psl": {
      "version": "1.2.0",
      "resolved": "https://botbuilder.myget.org/F/botbuilder-tools-daily/npm/psl/-/psl-1.2.0.tgz",
      "integrity": "sha1-3xK1sbOjD1HDKerL3vmPOm4TbcY="
    },
    "punycode": {
      "version": "2.1.1",
      "resolved": "https://botbuilder.myget.org/F/botbuilder-tools-daily/npm/punycode/-/punycode-2.1.1.tgz",
      "integrity": "sha1-tYsBCsQMIsVldhbI0sLALHv0eew="
    },
    "qs": {
      "version": "6.5.2",
      "resolved": "https://botbuilder.myget.org/F/botbuilder-tools-daily/npm/qs/-/qs-6.5.2.tgz",
      "integrity": "sha1-yzroBuh0BERYTvFUzo7pjUA/PjY="
    },
    "readable-stream": {
      "version": "2.3.6",
      "resolved": "https://botbuilder.myget.org/F/botbuilder-tools-daily/npm/readable-stream/-/readable-stream-2.3.6.tgz",
      "integrity": "sha1-sRwn2IuP8fvgcGQ8+UsMea4bCq8=",
      "requires": {
        "core-util-is": "~1.0.0",
        "inherits": "~2.0.3",
        "isarray": "~1.0.0",
        "process-nextick-args": "~2.0.0",
        "safe-buffer": "~5.1.1",
        "string_decoder": "~1.1.1",
        "util-deprecate": "~1.0.1"
      }
    },
    "request": {
      "version": "2.88.0",
      "resolved": "https://botbuilder.myget.org/F/botbuilder-tools-daily/npm/request/-/request-2.88.0.tgz",
      "integrity": "sha1-nC/KT301tZLv5Xx/ClXoEFIST+8=",
      "requires": {
        "aws-sign2": "~0.7.0",
        "aws4": "^1.8.0",
        "caseless": "~0.12.0",
        "combined-stream": "~1.0.6",
        "extend": "~3.0.2",
        "forever-agent": "~0.6.1",
        "form-data": "~2.3.2",
        "har-validator": "~5.1.0",
        "http-signature": "~1.2.0",
        "is-typedarray": "~1.0.0",
        "isstream": "~0.1.2",
        "json-stringify-safe": "~5.0.1",
        "mime-types": "~2.1.19",
        "oauth-sign": "~0.9.0",
        "performance-now": "^2.1.0",
        "qs": "~6.5.2",
        "safe-buffer": "^5.1.2",
        "tough-cookie": "~2.4.3",
        "tunnel-agent": "^0.6.0",
        "uuid": "^3.3.2"
      }
    },
    "restify": {
      "version": "4.3.4",
      "resolved": "https://botbuilder.myget.org/F/botbuilder-tools-daily/npm/restify/-/restify-4.3.4.tgz",
      "integrity": "sha1-Nh24zcZOKxSgsfWZbPKRMQx+DrU=",
      "requires": {
        "assert-plus": "^0.1.5",
        "backoff": "^2.4.0",
        "bunyan": "^1.4.0",
        "csv": "^0.4.0",
        "dtrace-provider": "^0.8.2",
        "escape-regexp-component": "^1.0.2",
        "formidable": "^1.0.14",
        "http-signature": "^0.11.0",
        "keep-alive-agent": "^0.0.1",
        "lru-cache": "^4.0.1",
        "mime": "^1.2.11",
        "negotiator": "^0.6.1",
        "once": "^1.3.0",
        "qs": "^6.2.1",
        "semver": "^4.3.3",
        "spdy": "^3.3.3",
        "tunnel-agent": "^0.6.0",
        "uuid": "^3.0.1",
        "vasync": "1.6.3",
        "verror": "^1.4.0"
      },
      "dependencies": {
        "asn1": {
          "version": "0.1.11",
          "resolved": "https://botbuilder.myget.org/F/botbuilder-tools-daily/npm/asn1/-/asn1-0.1.11.tgz",
          "integrity": "sha1-VZvhg3bQik7E2+gId9J4GGObLfc="
        },
        "assert-plus": {
          "version": "0.1.5",
          "resolved": "https://botbuilder.myget.org/F/botbuilder-tools-daily/npm/assert-plus/-/assert-plus-0.1.5.tgz",
          "integrity": "sha1-7nQAlBMALYTOxyGcasgRgS5yMWA="
        },
        "http-signature": {
          "version": "0.11.0",
          "resolved": "https://botbuilder.myget.org/F/botbuilder-tools-daily/npm/http-signature/-/http-signature-0.11.0.tgz",
          "integrity": "sha1-F5bPZ6ABrVzWhJ3KCZFIXwkIn+Y=",
          "requires": {
            "asn1": "0.1.11",
            "assert-plus": "^0.1.5",
            "ctype": "0.5.3"
          }
        },
        "semver": {
          "version": "4.3.6",
          "resolved": "https://botbuilder.myget.org/F/botbuilder-tools-daily/npm/semver/-/semver-4.3.6.tgz",
          "integrity": "sha1-MAvG4OhjdPe6YQaLWx7NV/xlMto="
        }
      }
    },
    "rimraf": {
      "version": "2.4.5",
      "resolved": "https://botbuilder.myget.org/F/botbuilder-tools-daily/npm/rimraf/-/rimraf-2.4.5.tgz",
      "integrity": "sha1-7nEM5dk6j9uFb7Xqj/Di11k0sto=",
      "optional": true,
      "requires": {
        "glob": "^6.0.1"
      }
    },
    "rsa-pem-from-mod-exp": {
      "version": "0.8.4",
      "resolved": "https://botbuilder.myget.org/F/botbuilder-tools-daily/npm/rsa-pem-from-mod-exp/-/rsa-pem-from-mod-exp-0.8.4.tgz",
      "integrity": "sha1-NipCxtMEBW1JOz8SvOq7LGV2ptQ="
    },
    "safe-buffer": {
      "version": "5.1.2",
      "resolved": "https://botbuilder.myget.org/F/botbuilder-tools-daily/npm/safe-buffer/-/safe-buffer-5.1.2.tgz",
      "integrity": "sha1-mR7GnSluAxN0fVm9/St0XDX4go0="
    },
    "safe-json-stringify": {
      "version": "1.2.0",
      "resolved": "https://botbuilder.myget.org/F/botbuilder-tools-daily/npm/safe-json-stringify/-/safe-json-stringify-1.2.0.tgz",
      "integrity": "sha1-NW5EvJjx+TzkXfFLzXwBzahuCv0=",
      "optional": true
    },
    "safer-buffer": {
      "version": "2.1.2",
      "resolved": "https://botbuilder.myget.org/F/botbuilder-tools-daily/npm/safer-buffer/-/safer-buffer-2.1.2.tgz",
      "integrity": "sha1-RPoWGwGHuVSd2Eu5GAL5vYOFzWo="
    },
    "select-hose": {
      "version": "2.0.0",
      "resolved": "https://botbuilder.myget.org/F/botbuilder-tools-daily/npm/select-hose/-/select-hose-2.0.0.tgz",
      "integrity": "sha1-Yl2GWPhlr0Psliv8N2o3NZpJlMo="
    },
    "semver": {
      "version": "5.7.0",
      "resolved": "https://botbuilder.myget.org/F/botbuilder-tools-daily/npm/semver/-/semver-5.7.0.tgz",
      "integrity": "sha1-eQp89v6lRZuslhELKbYEEtyP+Ws="
    },
    "spdy": {
      "version": "3.4.7",
      "resolved": "https://botbuilder.myget.org/F/botbuilder-tools-daily/npm/spdy/-/spdy-3.4.7.tgz",
      "integrity": "sha1-Qv9B7OXMD5mjpsKKq7c/XDsDrLw=",
      "requires": {
        "debug": "^2.6.8",
        "handle-thing": "^1.2.5",
        "http-deceiver": "^1.2.7",
        "safe-buffer": "^5.0.1",
        "select-hose": "^2.0.0",
        "spdy-transport": "^2.0.18"
      }
    },
    "spdy-transport": {
      "version": "2.1.1",
      "resolved": "https://botbuilder.myget.org/F/botbuilder-tools-daily/npm/spdy-transport/-/spdy-transport-2.1.1.tgz",
      "integrity": "sha1-xUgV1zhYqt0GzmMAHn0l+mRBYjs=",
      "requires": {
        "debug": "^2.6.8",
        "detect-node": "^2.0.3",
        "hpack.js": "^2.1.6",
        "obuf": "^1.1.1",
        "readable-stream": "^2.2.9",
        "safe-buffer": "^5.0.1",
        "wbuf": "^1.7.2"
      }
    },
    "sprintf-js": {
      "version": "1.1.2",
      "resolved": "https://botbuilder.myget.org/F/botbuilder-tools-daily/npm/sprintf-js/-/sprintf-js-1.1.2.tgz",
      "integrity": "sha1-2hdlJiv4wPVxdJ8q1sJjACB65nM="
    },
    "sshpk": {
      "version": "1.16.1",
      "resolved": "https://botbuilder.myget.org/F/botbuilder-tools-daily/npm/sshpk/-/sshpk-1.16.1.tgz",
      "integrity": "sha1-+2YcC+8ps520B2nuOfpwCT1vaHc=",
      "requires": {
        "asn1": "~0.2.3",
        "assert-plus": "^1.0.0",
        "bcrypt-pbkdf": "^1.0.0",
        "dashdash": "^1.12.0",
        "ecc-jsbn": "~0.1.1",
        "getpass": "^0.1.1",
        "jsbn": "~0.1.0",
        "safer-buffer": "^2.0.2",
        "tweetnacl": "~0.14.0"
      }
    },
    "stream-transform": {
      "version": "0.1.2",
      "resolved": "https://botbuilder.myget.org/F/botbuilder-tools-daily/npm/stream-transform/-/stream-transform-0.1.2.tgz",
      "integrity": "sha1-fY5rTgOsR4F3j4x5UXUBv7B2Kp8="
    },
    "string_decoder": {
      "version": "1.1.1",
      "resolved": "https://botbuilder.myget.org/F/botbuilder-tools-daily/npm/string_decoder/-/string_decoder-1.1.1.tgz",
      "integrity": "sha1-nPFhG6YmhdcDCunkujQUnDrwP8g=",
      "requires": {
        "safe-buffer": "~5.1.0"
      }
    },
    "tough-cookie": {
      "version": "2.4.3",
      "resolved": "https://botbuilder.myget.org/F/botbuilder-tools-daily/npm/tough-cookie/-/tough-cookie-2.4.3.tgz",
      "integrity": "sha1-U/Nto/R3g7CSWvoG/587FlKA94E=",
      "requires": {
        "psl": "^1.1.24",
        "punycode": "^1.4.1"
      },
      "dependencies": {
        "punycode": {
          "version": "1.4.1",
          "resolved": "https://botbuilder.myget.org/F/botbuilder-tools-daily/npm/punycode/-/punycode-1.4.1.tgz",
          "integrity": "sha1-wNWmOycYgArY4esPpSachN1BhF4="
        }
      }
    },
    "tunnel-agent": {
      "version": "0.6.0",
      "resolved": "https://botbuilder.myget.org/F/botbuilder-tools-daily/npm/tunnel-agent/-/tunnel-agent-0.6.0.tgz",
      "integrity": "sha1-J6XeoGs2sEoKmWZ3SykIaPD8QP0=",
      "requires": {
        "safe-buffer": "^5.0.1"
      }
    },
    "tweetnacl": {
      "version": "0.14.5",
      "resolved": "https://botbuilder.myget.org/F/botbuilder-tools-daily/npm/tweetnacl/-/tweetnacl-0.14.5.tgz",
      "integrity": "sha1-WuaBd/GS1EViadEIr6k/+HQ/T2Q="
    },
    "uri-js": {
      "version": "4.2.2",
      "resolved": "https://botbuilder.myget.org/F/botbuilder-tools-daily/npm/uri-js/-/uri-js-4.2.2.tgz",
      "integrity": "sha1-lMVA4f93KVbiKZUHwBCupsiDjrA=",
      "requires": {
        "punycode": "^2.1.0"
      }
    },
    "url-join": {
      "version": "1.1.0",
      "resolved": "https://botbuilder.myget.org/F/botbuilder-tools-daily/npm/url-join/-/url-join-1.1.0.tgz",
      "integrity": "sha1-dBxsL0WWxIMNZxhGCSDQySIC3Hg="
    },
    "util-deprecate": {
      "version": "1.0.2",
      "resolved": "https://botbuilder.myget.org/F/botbuilder-tools-daily/npm/util-deprecate/-/util-deprecate-1.0.2.tgz",
      "integrity": "sha1-RQ1Nyfpw3nMnYvvS1KKJgUGaDM8="
    },
    "uuid": {
      "version": "3.3.2",
      "resolved": "https://botbuilder.myget.org/F/botbuilder-tools-daily/npm/uuid/-/uuid-3.3.2.tgz",
      "integrity": "sha1-G0r0lV6zB3xQHCOHL8ZROBFYcTE="
    },
    "vasync": {
      "version": "1.6.3",
      "resolved": "https://botbuilder.myget.org/F/botbuilder-tools-daily/npm/vasync/-/vasync-1.6.3.tgz",
      "integrity": "sha1-SmnXBSpH9M6FUD12Qd8cv0BDKpQ=",
      "requires": {
        "verror": "1.6.0"
      },
      "dependencies": {
        "extsprintf": {
          "version": "1.2.0",
          "resolved": "https://botbuilder.myget.org/F/botbuilder-tools-daily/npm/extsprintf/-/extsprintf-1.2.0.tgz",
          "integrity": "sha1-WtlGwi9bMrp/jNdCZxHG6KP8JSk="
        },
        "verror": {
          "version": "1.6.0",
          "resolved": "https://botbuilder.myget.org/F/botbuilder-tools-daily/npm/verror/-/verror-1.6.0.tgz",
          "integrity": "sha1-fROyex+swuLakEBetepuW90lLqU=",
          "requires": {
            "extsprintf": "1.2.0"
          }
        }
      }
    },
    "verror": {
      "version": "1.10.0",
      "resolved": "https://botbuilder.myget.org/F/botbuilder-tools-daily/npm/verror/-/verror-1.10.0.tgz",
      "integrity": "sha1-OhBcoXBTr1XW4nDB+CiGguGNpAA=",
      "requires": {
        "assert-plus": "^1.0.0",
        "core-util-is": "1.0.2",
        "extsprintf": "^1.2.0"
      }
    },
    "wbuf": {
      "version": "1.7.3",
      "resolved": "https://botbuilder.myget.org/F/botbuilder-tools-daily/npm/wbuf/-/wbuf-1.7.3.tgz",
      "integrity": "sha1-wdjRSTFtPqhShIiVy2oL/oh7h98=",
      "requires": {
        "minimalistic-assert": "^1.0.0"
      }
    },
    "wrappy": {
      "version": "1.0.2",
      "resolved": "https://botbuilder.myget.org/F/botbuilder-tools-daily/npm/wrappy/-/wrappy-1.0.2.tgz",
      "integrity": "sha1-tSQ9jz7BqjXxNkYFvA0QNuMKtp8="
    },
    "yallist": {
      "version": "2.1.2",
      "resolved": "https://botbuilder.myget.org/F/botbuilder-tools-daily/npm/yallist/-/yallist-2.1.2.tgz",
      "integrity": "sha1-HBH5IY8HYImkfdUS+TxmmaaoHVI="
    }
  }
}
